{
  "nodes": {
    "nixpkgs": {
      "locked": {
        "lastModified": 1748768045,
        "narHash": "sha256-O3tzoDxDCuBG9mZWRCZBUN27Zlcj9X3Axi8nk8jSQO8=",
        "owner": "NixOS",
        "repo": "nixpkgs",
        "rev": "c734e825b171dd4e50633f646f5e4a0c008d5d06",
        "type": "github"
      },
      "original": {
        "owner": "NixOS",
        "ref": "release-24.11",
        "repo": "nixpkgs",
        "type": "github"
      }
    },
    "root": {
      "inputs": {
        "nixpkgs": "nixpkgs"
      }
    }
  },
  "root": "root",
  "version": 7
}
